// !$*UTF8*$!
{
	archiveVersion = 1;
	classes = {
	};
	objectVersion = 48;
	objects = {

/* Begin PBXBuildFile section */
		B5108B6D1FCD950B000A3DC3 /* CelluleIngrédient.swift in Sources */ = {isa = PBXBuildFile; fileRef = B5108B6C1FCD950B000A3DC3 /* CelluleIngrédient.swift */; };
		B5F2812E1FCC8E9B00A21039 /* AppDelegate.swift in Sources */ = {isa = PBXBuildFile; fileRef = B5F2812D1FCC8E9B00A21039 /* AppDelegate.swift */; };
		B5F281301FCC8E9B00A21039 /* ViewController.swift in Sources */ = {isa = PBXBuildFile; fileRef = B5F2812F1FCC8E9B00A21039 /* ViewController.swift */; };
		B5F281331FCC8E9B00A21039 /* Main.storyboard in Resources */ = {isa = PBXBuildFile; fileRef = B5F281311FCC8E9B00A21039 /* Main.storyboard */; };
		B5F281351FCC8E9B00A21039 /* Assets.xcassets in Resources */ = {isa = PBXBuildFile; fileRef = B5F281341FCC8E9B00A21039 /* Assets.xcassets */; };
		B5F281381FCC8E9B00A21039 /* LaunchScreen.storyboard in Resources */ = {isa = PBXBuildFile; fileRef = B5F281361FCC8E9B00A21039 /* LaunchScreen.storyboard */; };
		B5F281401FCC95D900A21039 /* IngrédientsViewController.swift in Sources */ = {isa = PBXBuildFile; fileRef = B5F2813F1FCC95D900A21039 /* IngrédientsViewController.swift */; };
		B5F281421FCCA2CE00A21039 /* Globales.swift in Sources */ = {isa = PBXBuildFile; fileRef = B5F281411FCCA2CE00A21039 /* Globales.swift */; };
		B5F281441FCCB27900A21039 /* Menu.swift in Sources */ = {isa = PBXBuildFile; fileRef = B5F281431FCCB27900A21039 /* Menu.swift */; };
/* End PBXBuildFile section */

/* Begin PBXFileReference section */
		B5108B6C1FCD950B000A3DC3 /* CelluleIngrédient.swift */ = {isa = PBXFileReference; lastKnownFileType = sourcecode.swift; path = "CelluleIngrédient.swift"; sourceTree = "<group>"; };
		B5F2812A1FCC8E9B00A21039 /* MenuDeTableViews.app */ = {isa = PBXFileReference; explicitFileType = wrapper.application; includeInIndex = 0; path = MenuDeTableViews.app; sourceTree = BUILT_PRODUCTS_DIR; };
		B5F2812D1FCC8E9B00A21039 /* AppDelegate.swift */ = {isa = PBXFileReference; lastKnownFileType = sourcecode.swift; path = AppDelegate.swift; sourceTree = "<group>"; };
		B5F2812F1FCC8E9B00A21039 /* ViewController.swift */ = {isa = PBXFileReference; lastKnownFileType = sourcecode.swift; path = ViewController.swift; sourceTree = "<group>"; };
		B5F281321FCC8E9B00A21039 /* Base */ = {isa = PBXFileReference; lastKnownFileType = file.storyboard; name = Base; path = Base.lproj/Main.storyboard; sourceTree = "<group>"; };
		B5F281341FCC8E9B00A21039 /* Assets.xcassets */ = {isa = PBXFileReference; lastKnownFileType = folder.assetcatalog; path = Assets.xcassets; sourceTree = "<group>"; };
		B5F281371FCC8E9B00A21039 /* Base */ = {isa = PBXFileReference; lastKnownFileType = file.storyboard; name = Base; path = Base.lproj/LaunchScreen.storyboard; sourceTree = "<group>"; };
		B5F281391FCC8E9B00A21039 /* Info.plist */ = {isa = PBXFileReference; lastKnownFileType = text.plist.xml; path = Info.plist; sourceTree = "<group>"; };
		B5F2813F1FCC95D900A21039 /* IngrédientsViewController.swift */ = {isa = PBXFileReference; lastKnownFileType = sourcecode.swift; path = "IngrédientsViewController.swift"; sourceTree = "<group>"; };
		B5F281411FCCA2CE00A21039 /* Globales.swift */ = {isa = PBXFileReference; lastKnownFileType = sourcecode.swift; path = Globales.swift; sourceTree = "<group>"; };
		B5F281431FCCB27900A21039 /* Menu.swift */ = {isa = PBXFileReference; lastKnownFileType = sourcecode.swift; path = Menu.swift; sourceTree = "<group>"; };
/* End PBXFileReference section */

/* Begin PBXFrameworksBuildPhase section */
		B5F281271FCC8E9B00A21039 /* Frameworks */ = {
			isa = PBXFrameworksBuildPhase;
			buildActionMask = 2147483647;
			files = (
			);
			runOnlyForDeploymentPostprocessing = 0;
		};
/* End PBXFrameworksBuildPhase section */

/* Begin PBXGroup section */
		B5F281211FCC8E9B00A21039 = {
			isa = PBXGroup;
			children = (
				B5F2812C1FCC8E9B00A21039 /* MenuDeTableViews */,
				B5F2812B1FCC8E9B00A21039 /* Products */,
			);
			sourceTree = "<group>";
		};
		B5F2812B1FCC8E9B00A21039 /* Products */ = {
			isa = PBXGroup;
			children = (
				B5F2812A1FCC8E9B00A21039 /* MenuDeTableViews.app */,
			);
			name = Products;
			sourceTree = "<group>";
		};
		B5F2812C1FCC8E9B00A21039 /* MenuDeTableViews */ = {
			isa = PBXGroup;
			children = (
				B5F2812D1FCC8E9B00A21039 /* AppDelegate.swift */,
				B5F2812F1FCC8E9B00A21039 /* ViewController.swift */,
				B5F281311FCC8E9B00A21039 /* Main.storyboard */,
				B5F281341FCC8E9B00A21039 /* Assets.xcassets */,
				B5F281361FCC8E9B00A21039 /* LaunchScreen.storyboard */,
				B5F281391FCC8E9B00A21039 /* Info.plist */,
				B5F2813F1FCC95D900A21039 /* IngrédientsViewController.swift */,
				B5F281411FCCA2CE00A21039 /* Globales.swift */,
				B5F281431FCCB27900A21039 /* Menu.swift */,
				B5108B6C1FCD950B000A3DC3 /* CelluleIngrédient.swift */,
			);
			path = MenuDeTableViews;
			sourceTree = "<group>";
		};
/* End PBXGroup section */

/* Begin PBXNativeTarget section */
		B5F281291FCC8E9B00A21039 /* MenuDeTableViews */ = {
			isa = PBXNativeTarget;
			buildConfigurationList = B5F2813C1FCC8E9B00A21039 /* Build configuration list for PBXNativeTarget "MenuDeTableViews" */;
			buildPhases = (
				B5F281261FCC8E9B00A21039 /* Sources */,
				B5F281271FCC8E9B00A21039 /* Frameworks */,
				B5F281281FCC8E9B00A21039 /* Resources */,
			);
			buildRules = (
			);
			dependencies = (
			);
			name = MenuDeTableViews;
			productName = MenuDeTableViews;
			productReference = B5F2812A1FCC8E9B00A21039 /* MenuDeTableViews.app */;
			productType = "com.apple.product-type.application";
		};
/* End PBXNativeTarget section */

/* Begin PBXProject section */
		B5F281221FCC8E9B00A21039 /* Project object */ = {
			isa = PBXProject;
			attributes = {
				LastSwiftUpdateCheck = 0920;
				LastUpgradeCheck = 0920;
				ORGANIZATIONNAME = Alain;
				TargetAttributes = {
					B5F281291FCC8E9B00A21039 = {
						CreatedOnToolsVersion = 9.2;
						ProvisioningStyle = Automatic;
					};
				};
			};
			buildConfigurationList = B5F281251FCC8E9B00A21039 /* Build configuration list for PBXProject "MenuDeTableViews" */;
			compatibilityVersion = "Xcode 8.0";
			developmentRegion = en;
			hasScannedForEncodings = 0;
			knownRegions = (
				en,
				Base,
			);
			mainGroup = B5F281211FCC8E9B00A21039;
			productRefGroup = B5F2812B1FCC8E9B00A21039 /* Products */;
			projectDirPath = "";
			projectRoot = "";
			targets = (
				B5F281291FCC8E9B00A21039 /* MenuDeTableViews */,
			);
		};
/* End PBXProject section */

/* Begin PBXResourcesBuildPhase section */
		B5F281281FCC8E9B00A21039 /* Resources */ = {
			isa = PBXResourcesBuildPhase;
			buildActionMask = 2147483647;
			files = (
				B5F281381FCC8E9B00A21039 /* LaunchScreen.storyboard in Resources */,
				B5F281351FCC8E9B00A21039 /* Assets.xcassets in Resources */,
				B5F281331FCC8E9B00A21039 /* Main.storyboard in Resources */,
			);
			runOnlyForDeploymentPostprocessing = 0;
		};
/* End PBXResourcesBuildPhase section */

/* Begin PBXSourcesBuildPhase section */
		B5F281261FCC8E9B00A21039 /* Sources */ = {
			isa = PBXSourcesBuildPhase;
			buildActionMask = 2147483647;
			files = (
				B5F281401FCC95D900A21039 /* IngrédientsViewController.swift in Sources */,
				B5F281301FCC8E9B00A21039 /* ViewController.swift in Sources */,
				B5F281421FCCA2CE00A21039 /* Globales.swift in Sources */,
				B5F2812E1FCC8E9B00A21039 /* AppDelegate.swift in Sources */,
				B5F281441FCCB27900A21039 /* Menu.swift in Sources */,
				B5108B6D1FCD950B000A3DC3 /* CelluleIngrédient.swift in Sources */,
			);
			runOnlyForDeploymentPostprocessing = 0;
		};
/* End PBXSourcesBuildPhase section */

/* Begin PBXVariantGroup section */
		B5F281311FCC8E9B00A21039 /* Main.storyboard */ = {
			isa = PBXVariantGroup;
			children = (
				B5F281321FCC8E9B00A21039 /* Base */,
			);
			name = Main.storyboard;
			sourceTree = "<group>";
		};
		B5F281361FCC8E9B00A21039 /* LaunchScreen.storyboard */ = {
			isa = PBXVariantGroup;
			children = (
				B5F281371FCC8E9B00A21039 /* Base */,
			);
			name = LaunchScreen.storyboard;
			sourceTree = "<group>";
		};
/* End PBXVariantGroup section */

/* Begin XCBuildConfiguration section */
		B5F2813A1FCC8E9B00A21039 /* Debug */ = {
			isa = XCBuildConfiguration;
			buildSettings = {
				ALWAYS_SEARCH_USER_PATHS = NO;
				CLANG_ANALYZER_NONNULL = YES;
				CLANG_ANALYZER_NUMBER_OBJECT_CONVERSION = YES_AGGRESSIVE;
				CLANG_CXX_LANGUAGE_STANDARD = "gnu++14";
				CLANG_CXX_LIBRARY = "libc++";
				CLANG_ENABLE_MODULES = YES;
				CLANG_ENABLE_OBJC_ARC = YES;
				CLANG_WARN_BLOCK_CAPTURE_AUTORELEASING = YES;
				CLANG_WARN_BOOL_CONVERSION = YES;
				CLANG_WARN_COMMA = YES;
				CLANG_WARN_CONSTANT_CONVERSION = YES;
				CLANG_WARN_DIRECT_OBJC_ISA_USAGE = YES_ERROR;
				CLANG_WARN_DOCUMENTATION_COMMENTS = YES;
				CLANG_WARN_EMPTY_BODY = YES;
				CLANG_WARN_ENUM_CONVERSION = YES;
				CLANG_WARN_INFINITE_RECURSION = YES;
				CLANG_WARN_INT_CONVERSION = YES;
				CLANG_WARN_NON_LITERAL_NULL_CONVERSION = YES;
				CLANG_WARN_OBJC_LITERAL_CONVERSION = YES;
				CLANG_WARN_OBJC_ROOT_CLASS = YES_ERROR;
				CLANG_WARN_RANGE_LOOP_ANALYSIS = YES;
				CLANG_WARN_STRICT_PROTOTYPES = YES;
				CLANG_WARN_SUSPICIOUS_MOVE = YES;
				CLANG_WARN_UNGUARDED_AVAILABILITY = YES_AGGRESSIVE;
				CLANG_WARN_UNREACHABLE_CODE = YES;
				CLANG_WARN__DUPLICATE_METHOD_MATCH = YES;
				CODE_SIGN_IDENTITY = "iPhone Developer";
				COPY_PHASE_STRIP = NO;
				DEBUG_INFORMATION_FORMAT = dwarf;
				ENABLE_STRICT_OBJC_MSGSEND = YES;
				ENABLE_TESTABILITY = YES;
				GCC_C_LANGUAGE_STANDARD = gnu11;
				GCC_DYNAMIC_NO_PIC = NO;
				GCC_NO_COMMON_BLOCKS = YES;
				GCC_OPTIMIZATION_LEVEL = 0;
				GCC_PREPROCESSOR_DEFINITIONS = (
					"DEBUG=1",
					"$(inherited)",
				);
				GCC_WARN_64_TO_32_BIT_CONVERSION = YES;
				GCC_WARN_ABOUT_RETURN_TYPE = YES_ERROR;
				GCC_WARN_UNDECLARED_SELECTOR = YES;
				GCC_WARN_UNINITIALIZED_AUTOS = YES_AGGRESSIVE;
				GCC_WARN_UNUSED_FUNCTION = YES;
				GCC_WARN_UNUSED_VARIABLE = YES;
				IPHONEOS_DEPLOYMENT_TARGET = 11.2;
				MTL_ENABLE_DEBUG_INFO = YES;
				ONLY_ACTIVE_ARCH = YES;
				SDKROOT = iphoneos;
				SWIFT_ACTIVE_COMPILATION_CONDITIONS = DEBUG;
				SWIFT_OPTIMIZATION_LEVEL = "-Onone";
			};
			name = Debug;
		};
		B5F2813B1FCC8E9B00A21039 /* Release */ = {
			isa = XCBuildConfiguration;
			buildSettings = {
				ALWAYS_SEARCH_USER_PATHS = NO;
				CLANG_ANALYZER_NONNULL = YES;
				CLANG_ANALYZER_NUMBER_OBJECT_CONVERSION = YES_AGGRESSIVE;
				CLANG_CXX_LANGUAGE_STANDARD = "gnu++14";
				CLANG_CXX_LIBRARY = "libc++";
				CLANG_ENABLE_MODULES = YES;
				CLANG_ENABLE_OBJC_ARC = YES;
				CLANG_WARN_BLOCK_CAPTURE_AUTORELEASING = YES;
				CLANG_WARN_BOOL_CONVERSION = YES;
				CLANG_WARN_COMMA = YES;
				CLANG_WARN_CONSTANT_CONVERSION = YES;
				CLANG_WARN_DIRECT_OBJC_ISA_USAGE = YES_ERROR;
				CLANG_WARN_DOCUMENTATION_COMMENTS = YES;
				CLANG_WARN_EMPTY_BODY = YES;
				CLANG_WARN_ENUM_CONVERSION = YES;
				CLANG_WARN_INFINITE_RECURSION = YES;
				CLANG_WARN_INT_CONVERSION = YES;
				CLANG_WARN_NON_LITERAL_NULL_CONVERSION = YES;
				CLANG_WARN_OBJC_LITERAL_CONVERSION = YES;
				CLANG_WARN_OBJC_ROOT_CLASS = YES_ERROR;
				CLANG_WARN_RANGE_LOOP_ANALYSIS = YES;
				CLANG_WARN_STRICT_PROTOTYPES = YES;
				CLANG_WARN_SUSPICIOUS_MOVE = YES;
				CLANG_WARN_UNGUARDED_AVAILABILITY = YES_AGGRESSIVE;
				CLANG_WARN_UNREACHABLE_CODE = YES;
				CLANG_WARN__DUPLICATE_METHOD_MATCH = YES;
				CODE_SIGN_IDENTITY = "iPhone Developer";
				COPY_PHASE_STRIP = NO;
				DEBUG_INFORMATION_FORMAT = "dwarf-with-dsym";
				ENABLE_NS_ASSERTIONS = NO;
				ENABLE_STRICT_OBJC_MSGSEND = YES;
				GCC_C_LANGUAGE_STANDARD = gnu11;
				GCC_NO_COMMON_BLOCKS = YES;
				GCC_WARN_64_TO_32_BIT_CONVERSION = YES;
				GCC_WARN_ABOUT_RETURN_TYPE = YES_ERROR;
				GCC_WARN_UNDECLARED_SELECTOR = YES;
				GCC_WARN_UNINITIALIZED_AUTOS = YES_AGGRESSIVE;
				GCC_WARN_UNUSED_FUNCTION = YES;
				GCC_WARN_UNUSED_VARIABLE = YES;
				IPHONEOS_DEPLOYMENT_TARGET = 11.2;
				MTL_ENABLE_DEBUG_INFO = NO;
				SDKROOT = iphoneos;
				SWIFT_OPTIMIZATION_LEVEL = "-Owholemodule";
				VALIDATE_PRODUCT = YES;
			};
			name = Release;
		};
		B5F2813D1FCC8E9B00A21039 /* Debug */ = {
			isa = XCBuildConfiguration;
			buildSettings = {
				ASSETCATALOG_COMPILER_APPICON_NAME = AppIcon;
				CODE_SIGN_STYLE = Automatic;
				DEVELOPMENT_TEAM = NFZJ42XSFR;
				INFOPLIST_FILE = MenuDeTableViews/Info.plist;
				IPHONEOS_DEPLOYMENT_TARGET = 11.1;
				LD_RUNPATH_SEARCH_PATHS = "$(inherited) @executable_path/Frameworks";
				PRODUCT_BUNDLE_IDENTIFIER = com.ve2cuy.MenuDeTableViews;
				PRODUCT_NAME = "$(TARGET_NAME)";
				SWIFT_VERSION = 4.0;
				TARGETED_DEVICE_FAMILY = "1,2";
			};
			name = Debug;
		};
		B5F2813E1FCC8E9B00A21039 /* Release */ = {
			isa = XCBuildConfiguration;
			buildSettings = {
				ASSETCATALOG_COMPILER_APPICON_NAME = AppIcon;
				CODE_SIGN_STYLE = Automatic;
				DEVELOPMENT_TEAM = NFZJ42XSFR;
				INFOPLIST_FILE = MenuDeTableViews/Info.plist;
				IPHONEOS_DEPLOYMENT_TARGET = 11.1;
				LD_RUNPATH_SEARCH_PATHS = "$(inherited) @executable_path/Frameworks";
				PRODUCT_BUNDLE_IDENTIFIER = com.ve2cuy.MenuDeTableViews;
				PRODUCT_NAME = "$(TARGET_NAME)";
				SWIFT_VERSION = 4.0;
				TARGETED_DEVICE_FAMILY = "1,2";
			};
			name = Release;
		};
/* End XCBuildConfiguration section */

/* Begin XCConfigurationList section */
		B5F281251FCC8E9B00A21039 /* Build configuration list for PBXProject "MenuDeTableViews" */ = {
			isa = XCConfigurationList;
			buildConfigurations = (
				B5F2813A1FCC8E9B00A21039 /* Debug */,
				B5F2813B1FCC8E9B00A21039 /* Release */,
			);
			defaultConfigurationIsVisible = 0;
			defaultConfigurationName = Release;
		};
		B5F2813C1FCC8E9B00A21039 /* Build configuration list for PBXNativeTarget "MenuDeTableViews" */ = {
			isa = XCConfigurationList;
			buildConfigurations = (
				B5F2813D1FCC8E9B00A21039 /* Debug */,
				B5F2813E1FCC8E9B00A21039 /* Release */,
			);
			defaultConfigurationIsVisible = 0;
			defaultConfigurationName = Release;
		};
/* End XCConfigurationList section */
	};
	rootObject = B5F281221FCC8E9B00A21039 /* Project object */;
}
